# This file is automatically @generated by Cargo.
# It is not intended for manual editing.
version = 4

[[package]]
name = "cpu_simulator"
version = "0.1.0"
dependencies = [
 "json_rw",
]

[[package]]
name = "json_rw"
version = "0.1.0"
source = "git+https://github.com/Justtuchthat/json_rw#0c05f40d9424319920aa8762663df8e3e0e494f5"
dependencies = [
 "string-builder",
]

[[package]]
name = "string-builder"
version = "0.2.0"
source = "registry+https://github.com/rust-lang/crates.io-index"
checksum = "2bd10a070fb1f2796a288abec42695db4682a82b6f12ffacd60fb8d5ad3a4a12"
